
Microsoft Visual Studio Solution File, Format Version 12.00
# Visual Studio Version 16
VisualStudioVersion = 16.0.32901.82
MinimumVisualStudioVersion = 10.0.40219.1
Project("{9A19103F-16F7-4668-BE54-9A1E7A4F7556}") = "Capstone.Core", "Capstone.Core\Capstone.Core.csproj", "{C15034AF-AD7C-4320-B4C7-2AEABB99D690}"
EndProject
Project("{9A19103F-16F7-4668-BE54-9A1E7A4F7556}") = "Capstone.DAL", "Capstone.DAL\Capstone.DAL.csproj", "{73863F2D-73BD-47B3-9951-A0DDDE5DAA46}"
EndProject
Project("{9A19103F-16F7-4668-BE54-9A1E7A4F7556}") = "Capstone.Web", "Capstone.Web\Capstone.Web.csproj", "{A769CF62-2E65-44BA-9445-6976BF1832DF}"
EndProject
Global
	GlobalSection(SolutionConfigurationPlatforms) = preSolution
		Debug|Any CPU = Debug|Any CPU
		Release|Any CPU = Release|Any CPU
	EndGlobalSection
	GlobalSection(ProjectConfigurationPlatforms) = postSolution
		{C15034AF-AD7C-4320-B4C7-2AEABB99D690}.Debug|Any CPU.ActiveCfg = Debug|Any CPU
		{C15034AF-AD7C-4320-B4C7-2AEABB99D690}.Debug|Any CPU.Build.0 = Debug|Any CPU
		{C15034AF-AD7C-4320-B4C7-2AEABB99D690}.Release|Any CPU.ActiveCfg = Release|Any CPU
		{C15034AF-AD7C-4320-B4C7-2AEABB99D690}.Release|Any CPU.Build.0 = Release|Any CPU
		{73863F2D-73BD-47B3-9951-A0DDDE5DAA46}.Debug|Any CPU.ActiveCfg = Debug|Any CPU
		{73863F2D-73BD-47B3-9951-A0DDDE5DAA46}.Debug|Any CPU.Build.0 = Debug|Any CPU
		{73863F2D-73BD-47B3-9951-A0DDDE5DAA46}.Release|Any CPU.ActiveCfg = Release|Any CPU
		{73863F2D-73BD-47B3-9951-A0DDDE5DAA46}.Release|Any CPU.Build.0 = Release|Any CPU
		{A769CF62-2E65-44BA-9445-6976BF1832DF}.Debug|Any CPU.ActiveCfg = Debug|Any CPU
		{A769CF62-2E65-44BA-9445-6976BF1832DF}.Debug|Any CPU.Build.0 = Debug|Any CPU
		{A769CF62-2E65-44BA-9445-6976BF1832DF}.Release|Any CPU.ActiveCfg = Release|Any CPU
		{A769CF62-2E65-44BA-9445-6976BF1832DF}.Release|Any CPU.Build.0 = Release|Any CPU
	EndGlobalSection
	GlobalSection(SolutionProperties) = preSolution
		HideSolutionNode = FALSE
	EndGlobalSection
	GlobalSection(ExtensibilityGlobals) = postSolution
		SolutionGuid = {AFD9A867-047D-4E79-BF0B-2A2FFE5E0767}
	EndGlobalSection
EndGlobal
